
Microsoft Visual Studio Solution File, Format Version 12.00
# Visual Studio Version 16
VisualStudioVersion = 16.0.32126.315
MinimumVisualStudioVersion = 10.0.40219.1
Project("{9A19103F-16F7-4668-BE54-9A1E7A4F7556}") = "SmolenskTravelApi", "SmolenskTravelApi.csproj", "{ED3E3E49-9214-4364-9B9E-4C0FF2264372}"
EndProject
Global
	GlobalSection(SolutionConfigurationPlatforms) = preSolution
		Debug|Any CPU = Debug|Any CPU
		Release|Any CPU = Release|Any CPU
	EndGlobalSection
	GlobalSection(ProjectConfigurationPlatforms) = postSolution
		{ED3E3E49-9214-4364-9B9E-4C0FF2264372}.Debug|Any CPU.ActiveCfg = Debug|Any CPU
		{ED3E3E49-9214-4364-9B9E-4C0FF2264372}.Debug|Any CPU.Build.0 = Debug|Any CPU
		{ED3E3E49-9214-4364-9B9E-4C0FF2264372}.Release|Any CPU.ActiveCfg = Release|Any CPU
		{ED3E3E49-9214-4364-9B9E-4C0FF2264372}.Release|Any CPU.Build.0 = Release|Any CPU
	EndGlobalSection
	GlobalSection(SolutionProperties) = preSolution
		HideSolutionNode = FALSE
	EndGlobalSection
	GlobalSection(ExtensibilityGlobals) = postSolution
		SolutionGuid = {A872E712-962E-4648-B16C-44B4A638960A}
	EndGlobalSection
EndGlobal
